Microsoft Visual Studio Solution File, Format Version 9.00
# Visual Studio 2005
Project("{8BC9CEB8-8B4A-11D0-8D11-00A0C91BC942}") = "EAWebkit", "EAWebkit-WINCE5-MIPSII.vcproj", "{90DF8634-248F-9B6A-FF72-3B20A0C510C4}"
	ProjectSection(ProjectDependencies) = postProject
		{A26C9DC8-03A1-EFE6-1436-277FDCB9757B} = {A26C9DC8-03A1-EFE6-1436-277FDCB9757B}
		{B846E4F6-DABF-4AE6-9F17-1AC61916F273} = {B846E4F6-DABF-4AE6-9F17-1AC61916F273}
		{BE4A9903-B157-7C4D-896F-62AEE8658914} = {BE4A9903-B157-7C4D-896F-62AEE8658914}
		{1897D99C-A19E-A4AD-280D-BC5CAB5814D5} = {1897D99C-A19E-A4AD-280D-BC5CAB5814D5}
		{F0277EC7-71AA-6961-241E-0184FBD0F95B} = {F0277EC7-71AA-6961-241E-0184FBD0F95B}
		{FC019A03-151E-13A3-FBEF-F672B5606B80} = {FC019A03-151E-13A3-FBEF-F672B5606B80}
		{A89A65D0-5555-2C13-4EF1-6B1F46177BC9} = {A89A65D0-5555-2C13-4EF1-6B1F46177BC9}
		{299D4078-5BB3-23AA-A876-C2A40BC812AD} = {299D4078-5BB3-23AA-A876-C2A40BC812AD}
		{5D41722B-AD9D-070B-6A83-FC7612921224} = {5D41722B-AD9D-070B-6A83-FC7612921224}
		{C6EC8537-D1FA-8202-174E-4BA55594CD7A} = {C6EC8537-D1FA-8202-174E-4BA55594CD7A}
		{537B0895-A4A8-EA43-FA54-1B64A1E188F2} = {537B0895-A4A8-EA43-FA54-1B64A1E188F2}
		{8D18311A-510E-B900-8D5B-017215BB9F76} = {8D18311A-510E-B900-8D5B-017215BB9F76}
	EndProjectSection
EndProject
Project("{8BC9CEB8-8B4A-11D0-8D11-00A0C91BC942}") = "PPMallocEAWebKit", "..\..\PPMallocEAWebKit\local\PPMallocEAWebKit-WINCE5-MIPSII.vcproj", "{A26C9DC8-03A1-EFE6-1436-277FDCB9757B}"
EndProject
Project("{8BC9CEB8-8B4A-11D0-8D11-00A0C91BC942}") = "EATextEAWebKit", "..\..\EATextEAWebKit\local\EATextEAWebKit-WINCE5-MIPSII.vcproj", "{8D18311A-510E-B900-8D5B-017215BB9F76}"
EndProject
Project("{8BC9CEB8-8B4A-11D0-8D11-00A0C91BC942}") = "EAIOEAWebKit", "..\..\EAIOEAWebKit\local\EAIOEAWebKit-WINCE5-MIPSII.vcproj", "{537B0895-A4A8-EA43-FA54-1B64A1E188F2}"
EndProject
Project("{8BC9CEB8-8B4A-11D0-8D11-00A0C91BC942}") = "dirtysock", "..\..\DirtySDKEAWebKit\local\dirtysock-WINCE5-MIPSII.vcproj", "{C6EC8537-D1FA-8202-174E-4BA55594CD7A}"
EndProject
Project("{8BC9CEB8-8B4A-11D0-8D11-00A0C91BC942}") = "FreeTypeEAWebKit", "..\..\FreeTypeEAWebKit\local\FreeTypeEAWebKit-WINCE5-MIPSII.vcproj", "{5D41722B-AD9D-070B-6A83-FC7612921224}"
EndProject
Project("{8BC9CEB8-8B4A-11D0-8D11-00A0C91BC942}") = "EASTLEAWebKit", "..\..\EASTLEAWebKit\local\EASTLEAWebKit-WINCE5-MIPSII.vcproj", "{299D4078-5BB3-23AA-A876-C2A40BC812AD}"
EndProject
Project("{8BC9CEB8-8B4A-11D0-8D11-00A0C91BC942}") = "EAAssertEAWebKit", "..\..\EAAssertEAWebKit\local\EAAssertEAWebKit-WINCE5-MIPSII.vcproj", "{A89A65D0-5555-2C13-4EF1-6B1F46177BC9}"
EndProject
Project("{8BC9CEB8-8B4A-11D0-8D11-00A0C91BC942}") = "UTFXmlEAWebKit", "..\..\UTFXmlEAWebKit\local\UTFXmlEAWebKit-WINCE5-MIPSII.vcproj", "{FC019A03-151E-13A3-FBEF-F672B5606B80}"
EndProject
Project("{8BC9CEB8-8B4A-11D0-8D11-00A0C91BC942}") = "libpngEAWebKit", "..\..\libpngEAWebKit\local\libpngEAWebKit-WINCE5-MIPSII.vcproj", "{F0277EC7-71AA-6961-241E-0184FBD0F95B}"
EndProject
Project("{8BC9CEB8-8B4A-11D0-8D11-00A0C91BC942}") = "libjpegEAWebKit", "..\..\libjpegEAWebKit\local\libjpegEAWebKit-WINCE5-MIPSII.vcproj", "{1897D99C-A19E-A4AD-280D-BC5CAB5814D5}"
EndProject
Project("{8BC9CEB8-8B4A-11D0-8D11-00A0C91BC942}") = "zlibEAWebKit", "..\..\zlibEAWebKit\local\zlibEAWebKit-WINCE5-MIPSII.vcproj", "{BE4A9903-B157-7C4D-896F-62AEE8658914}"
EndProject
Project("{8BC9CEB8-8B4A-11D0-8D11-00A0C91BC942}") = "EACECompatEAWebkit", "..\..\EACECompatEAWebkit\local\EACECompatEAWebkit-WINCE5-MIPSII.vcproj", "{B846E4F6-DABF-4AE6-9F17-1AC61916F273}"
EndProject
Global
	GlobalSection(SolutionConfigurationPlatforms) = preSolution
		wince5-mipsii-vc-dev-debug|STANDARDSDK_500 (MIPSII) = wince5-mipsii-vc-dev-debug|STANDARDSDK_500 (MIPSII)
		wince5-mipsii-vc-dev-opt|STANDARDSDK_500 (MIPSII) = wince5-mipsii-vc-dev-opt|STANDARDSDK_500 (MIPSII)
	EndGlobalSection
	GlobalSection(ProjectConfigurationPlatforms) = postSolution
		{90DF8634-248F-9B6A-FF72-3B20A0C510C4}.wince5-mipsii-vc-dev-debug|STANDARDSDK_500 (MIPSII).ActiveCfg = wince5-mipsii-vc-dev-debug|STANDARDSDK_500 (MIPSII)
		{90DF8634-248F-9B6A-FF72-3B20A0C510C4}.wince5-mipsii-vc-dev-debug|STANDARDSDK_500 (MIPSII).Build.0 = wince5-mipsii-vc-dev-debug|STANDARDSDK_500 (MIPSII)
		{90DF8634-248F-9B6A-FF72-3B20A0C510C4}.wince5-mipsii-vc-dev-opt|STANDARDSDK_500 (MIPSII).ActiveCfg = wince5-mipsii-vc-dev-opt|STANDARDSDK_500 (MIPSII)
		{90DF8634-248F-9B6A-FF72-3B20A0C510C4}.wince5-mipsii-vc-dev-opt|STANDARDSDK_500 (MIPSII).Build.0 = wince5-mipsii-vc-dev-opt|STANDARDSDK_500 (MIPSII)
		{A26C9DC8-03A1-EFE6-1436-277FDCB9757B}.wince5-mipsii-vc-dev-debug|STANDARDSDK_500 (MIPSII).ActiveCfg = wince5-mipsii-vc-dev-debug|STANDARDSDK_500 (MIPSII)
		{A26C9DC8-03A1-EFE6-1436-277FDCB9757B}.wince5-mipsii-vc-dev-debug|STANDARDSDK_500 (MIPSII).Build.0 = wince5-mipsii-vc-dev-debug|STANDARDSDK_500 (MIPSII)
		{A26C9DC8-03A1-EFE6-1436-277FDCB9757B}.wince5-mipsii-vc-dev-opt|STANDARDSDK_500 (MIPSII).ActiveCfg = wince5-mipsii-vc-dev-opt|STANDARDSDK_500 (MIPSII)
		{A26C9DC8-03A1-EFE6-1436-277FDCB9757B}.wince5-mipsii-vc-dev-opt|STANDARDSDK_500 (MIPSII).Build.0 = wince5-mipsii-vc-dev-opt|STANDARDSDK_500 (MIPSII)
		{8D18311A-510E-B900-8D5B-017215BB9F76}.wince5-mipsii-vc-dev-debug|STANDARDSDK_500 (MIPSII).ActiveCfg = wince5-mipsii-vc-dev-debug|STANDARDSDK_500 (MIPSII)
		{8D18311A-510E-B900-8D5B-017215BB9F76}.wince5-mipsii-vc-dev-debug|STANDARDSDK_500 (MIPSII).Build.0 = wince5-mipsii-vc-dev-debug|STANDARDSDK_500 (MIPSII)
		{8D18311A-510E-B900-8D5B-017215BB9F76}.wince5-mipsii-vc-dev-opt|STANDARDSDK_500 (MIPSII).ActiveCfg = wince5-mipsii-vc-dev-opt|STANDARDSDK_500 (MIPSII)
		{8D18311A-510E-B900-8D5B-017215BB9F76}.wince5-mipsii-vc-dev-opt|STANDARDSDK_500 (MIPSII).Build.0 = wince5-mipsii-vc-dev-opt|STANDARDSDK_500 (MIPSII)
		{537B0895-A4A8-EA43-FA54-1B64A1E188F2}.wince5-mipsii-vc-dev-debug|STANDARDSDK_500 (MIPSII).ActiveCfg = wince5-mipsii-vc-dev-debug|STANDARDSDK_500 (MIPSII)
		{537B0895-A4A8-EA43-FA54-1B64A1E188F2}.wince5-mipsii-vc-dev-debug|STANDARDSDK_500 (MIPSII).Build.0 = wince5-mipsii-vc-dev-debug|STANDARDSDK_500 (MIPSII)
		{537B0895-A4A8-EA43-FA54-1B64A1E188F2}.wince5-mipsii-vc-dev-opt|STANDARDSDK_500 (MIPSII).ActiveCfg = wince5-mipsii-vc-dev-opt|STANDARDSDK_500 (MIPSII)
		{537B0895-A4A8-EA43-FA54-1B64A1E188F2}.wince5-mipsii-vc-dev-opt|STANDARDSDK_500 (MIPSII).Build.0 = wince5-mipsii-vc-dev-opt|STANDARDSDK_500 (MIPSII)
		{C6EC8537-D1FA-8202-174E-4BA55594CD7A}.wince5-mipsii-vc-dev-debug|STANDARDSDK_500 (MIPSII).ActiveCfg = wince5-mipsii-vc-dev-debug|STANDARDSDK_500 (MIPSII)
		{C6EC8537-D1FA-8202-174E-4BA55594CD7A}.wince5-mipsii-vc-dev-debug|STANDARDSDK_500 (MIPSII).Build.0 = wince5-mipsii-vc-dev-debug|STANDARDSDK_500 (MIPSII)
		{C6EC8537-D1FA-8202-174E-4BA55594CD7A}.wince5-mipsii-vc-dev-opt|STANDARDSDK_500 (MIPSII).ActiveCfg = wince5-mipsii-vc-dev-opt|STANDARDSDK_500 (MIPSII)
		{C6EC8537-D1FA-8202-174E-4BA55594CD7A}.wince5-mipsii-vc-dev-opt|STANDARDSDK_500 (MIPSII).Build.0 = wince5-mipsii-vc-dev-opt|STANDARDSDK_500 (MIPSII)
		{5D41722B-AD9D-070B-6A83-FC7612921224}.wince5-mipsii-vc-dev-debug|STANDARDSDK_500 (MIPSII).ActiveCfg = wince5-mipsii-vc-dev-debug|STANDARDSDK_500 (MIPSII)
		{5D41722B-AD9D-070B-6A83-FC7612921224}.wince5-mipsii-vc-dev-debug|STANDARDSDK_500 (MIPSII).Build.0 = wince5-mipsii-vc-dev-debug|STANDARDSDK_500 (MIPSII)
		{5D41722B-AD9D-070B-6A83-FC7612921224}.wince5-mipsii-vc-dev-opt|STANDARDSDK_500 (MIPSII).ActiveCfg = wince5-mipsii-vc-dev-opt|STANDARDSDK_500 (MIPSII)
		{5D41722B-AD9D-070B-6A83-FC7612921224}.wince5-mipsii-vc-dev-opt|STANDARDSDK_500 (MIPSII).Build.0 = wince5-mipsii-vc-dev-opt|STANDARDSDK_500 (MIPSII)
		{299D4078-5BB3-23AA-A876-C2A40BC812AD}.wince5-mipsii-vc-dev-debug|STANDARDSDK_500 (MIPSII).ActiveCfg = wince5-mipsii-vc-dev-debug|STANDARDSDK_500 (MIPSII)
		{299D4078-5BB3-23AA-A876-C2A40BC812AD}.wince5-mipsii-vc-dev-debug|STANDARDSDK_500 (MIPSII).Build.0 = wince5-mipsii-vc-dev-debug|STANDARDSDK_500 (MIPSII)
		{299D4078-5BB3-23AA-A876-C2A40BC812AD}.wince5-mipsii-vc-dev-opt|STANDARDSDK_500 (MIPSII).ActiveCfg = wince5-mipsii-vc-dev-opt|STANDARDSDK_500 (MIPSII)
		{299D4078-5BB3-23AA-A876-C2A40BC812AD}.wince5-mipsii-vc-dev-opt|STANDARDSDK_500 (MIPSII).Build.0 = wince5-mipsii-vc-dev-opt|STANDARDSDK_500 (MIPSII)
		{A89A65D0-5555-2C13-4EF1-6B1F46177BC9}.wince5-mipsii-vc-dev-debug|STANDARDSDK_500 (MIPSII).ActiveCfg = wince5-mipsii-vc-dev-debug|STANDARDSDK_500 (MIPSII)
		{A89A65D0-5555-2C13-4EF1-6B1F46177BC9}.wince5-mipsii-vc-dev-debug|STANDARDSDK_500 (MIPSII).Build.0 = wince5-mipsii-vc-dev-debug|STANDARDSDK_500 (MIPSII)
		{A89A65D0-5555-2C13-4EF1-6B1F46177BC9}.wince5-mipsii-vc-dev-opt|STANDARDSDK_500 (MIPSII).ActiveCfg = wince5-mipsii-vc-dev-opt|STANDARDSDK_500 (MIPSII)
		{A89A65D0-5555-2C13-4EF1-6B1F46177BC9}.wince5-mipsii-vc-dev-opt|STANDARDSDK_500 (MIPSII).Build.0 = wince5-mipsii-vc-dev-opt|STANDARDSDK_500 (MIPSII)
		{FC019A03-151E-13A3-FBEF-F672B5606B80}.wince5-mipsii-vc-dev-debug|STANDARDSDK_500 (MIPSII).ActiveCfg = wince5-mipsii-vc-dev-debug|STANDARDSDK_500 (MIPSII)
		{FC019A03-151E-13A3-FBEF-F672B5606B80}.wince5-mipsii-vc-dev-debug|STANDARDSDK_500 (MIPSII).Build.0 = wince5-mipsii-vc-dev-debug|STANDARDSDK_500 (MIPSII)
		{FC019A03-151E-13A3-FBEF-F672B5606B80}.wince5-mipsii-vc-dev-opt|STANDARDSDK_500 (MIPSII).ActiveCfg = wince5-mipsii-vc-dev-opt|STANDARDSDK_500 (MIPSII)
		{FC019A03-151E-13A3-FBEF-F672B5606B80}.wince5-mipsii-vc-dev-opt|STANDARDSDK_500 (MIPSII).Build.0 = wince5-mipsii-vc-dev-opt|STANDARDSDK_500 (MIPSII)
		{F0277EC7-71AA-6961-241E-0184FBD0F95B}.wince5-mipsii-vc-dev-debug|STANDARDSDK_500 (MIPSII).ActiveCfg = wince5-mipsii-vc-dev-debug|STANDARDSDK_500 (MIPSII)
		{F0277EC7-71AA-6961-241E-0184FBD0F95B}.wince5-mipsii-vc-dev-debug|STANDARDSDK_500 (MIPSII).Build.0 = wince5-mipsii-vc-dev-debug|STANDARDSDK_500 (MIPSII)
		{F0277EC7-71AA-6961-241E-0184FBD0F95B}.wince5-mipsii-vc-dev-opt|STANDARDSDK_500 (MIPSII).ActiveCfg = wince5-mipsii-vc-dev-opt|STANDARDSDK_500 (MIPSII)
		{F0277EC7-71AA-6961-241E-0184FBD0F95B}.wince5-mipsii-vc-dev-opt|STANDARDSDK_500 (MIPSII).Build.0 = wince5-mipsii-vc-dev-opt|STANDARDSDK_500 (MIPSII)
		{1897D99C-A19E-A4AD-280D-BC5CAB5814D5}.wince5-mipsii-vc-dev-debug|STANDARDSDK_500 (MIPSII).ActiveCfg = wince5-mipsii-vc-dev-debug|STANDARDSDK_500 (MIPSII)
		{1897D99C-A19E-A4AD-280D-BC5CAB5814D5}.wince5-mipsii-vc-dev-debug|STANDARDSDK_500 (MIPSII).Build.0 = wince5-mipsii-vc-dev-debug|STANDARDSDK_500 (MIPSII)
		{1897D99C-A19E-A4AD-280D-BC5CAB5814D5}.wince5-mipsii-vc-dev-opt|STANDARDSDK_500 (MIPSII).ActiveCfg = wince5-mipsii-vc-dev-opt|STANDARDSDK_500 (MIPSII)
		{1897D99C-A19E-A4AD-280D-BC5CAB5814D5}.wince5-mipsii-vc-dev-opt|STANDARDSDK_500 (MIPSII).Build.0 = wince5-mipsii-vc-dev-opt|STANDARDSDK_500 (MIPSII)
		{BE4A9903-B157-7C4D-896F-62AEE8658914}.wince5-mipsii-vc-dev-debug|STANDARDSDK_500 (MIPSII).ActiveCfg = wince5-mipsii-vc-dev-debug|STANDARDSDK_500 (MIPSII)
		{BE4A9903-B157-7C4D-896F-62AEE8658914}.wince5-mipsii-vc-dev-debug|STANDARDSDK_500 (MIPSII).Build.0 = wince5-mipsii-vc-dev-debug|STANDARDSDK_500 (MIPSII)
		{BE4A9903-B157-7C4D-896F-62AEE8658914}.wince5-mipsii-vc-dev-opt|STANDARDSDK_500 (MIPSII).ActiveCfg = wince5-mipsii-vc-dev-opt|STANDARDSDK_500 (MIPSII)
		{BE4A9903-B157-7C4D-896F-62AEE8658914}.wince5-mipsii-vc-dev-opt|STANDARDSDK_500 (MIPSII).Build.0 = wince5-mipsii-vc-dev-opt|STANDARDSDK_500 (MIPSII)
		{B846E4F6-DABF-4AE6-9F17-1AC61916F273}.wince5-mipsii-vc-dev-debug|STANDARDSDK_500 (MIPSII).ActiveCfg = wince5-mipsii-vc-dev-debug|STANDARDSDK_500 (MIPSII)
		{B846E4F6-DABF-4AE6-9F17-1AC61916F273}.wince5-mipsii-vc-dev-debug|STANDARDSDK_500 (MIPSII).Build.0 = wince5-mipsii-vc-dev-debug|STANDARDSDK_500 (MIPSII)
		{B846E4F6-DABF-4AE6-9F17-1AC61916F273}.wince5-mipsii-vc-dev-debug|STANDARDSDK_500 (MIPSII).Deploy.0 = wince5-mipsii-vc-dev-debug|STANDARDSDK_500 (MIPSII)
		{B846E4F6-DABF-4AE6-9F17-1AC61916F273}.wince5-mipsii-vc-dev-opt|STANDARDSDK_500 (MIPSII).ActiveCfg = wince5-mipsii-vc-dev-opt|STANDARDSDK_500 (MIPSII)
		{B846E4F6-DABF-4AE6-9F17-1AC61916F273}.wince5-mipsii-vc-dev-opt|STANDARDSDK_500 (MIPSII).Build.0 = wince5-mipsii-vc-dev-opt|STANDARDSDK_500 (MIPSII)
		{B846E4F6-DABF-4AE6-9F17-1AC61916F273}.wince5-mipsii-vc-dev-opt|STANDARDSDK_500 (MIPSII).Deploy.0 = wince5-mipsii-vc-dev-opt|STANDARDSDK_500 (MIPSII)
	EndGlobalSection
	GlobalSection(SolutionProperties) = preSolution
		HideSolutionNode = FALSE
	EndGlobalSection
EndGlobal
