Microsoft Visual Studio Solution File, Format Version 9.00
# Visual Studio 2005
Project("{8BC9CEB8-8B4A-11D0-8D11-00A0C91BC942}") = "libpngEAWebKit", "..\libpngEAWebKit.vcproj", "{F0277EC7-71AA-6961-241E-0184FBD0F95B}"
EndProject
Global
	GlobalSection(SolutionConfigurationPlatforms) = preSolution
		pc-vc-dev-debug|Win32 = pc-vc-dev-debug|Win32
	EndGlobalSection
	GlobalSection(ProjectConfigurationPlatforms) = postSolution
		{F0277EC7-71AA-6961-241E-0184FBD0F95B}.pc-vc-dev-debug|Win32.ActiveCfg = pc-vc-dev-debug|Win32
		{F0277EC7-71AA-6961-241E-0184FBD0F95B}.pc-vc-dev-debug|Win32.Build.0 = pc-vc-dev-debug|Win32
	EndGlobalSection
	GlobalSection(SolutionProperties) = preSolution
		HideSolutionNode = FALSE
	EndGlobalSection
EndGlobal
