
Microsoft Visual Studio Solution File, Format Version 9.00
# Visual Studio 2005
Project("{8BC9CEB8-8B4A-11D0-8D11-00A0C91BC942}") = "iSee", "iSee.vcproj", "{A5EF3007-9450-4250-BE80-FB2CED00A145}"
	ProjectSection(ProjectDependencies) = postProject
		{E4611309-1703-46C6-91FC-A1BEE401C910} = {E4611309-1703-46C6-91FC-A1BEE401C910}
		{2E47ED19-1FAE-4F13-AC41-4D07588E1AA8} = {2E47ED19-1FAE-4F13-AC41-4D07588E1AA8}
		{6EDEFE39-6454-48FC-B498-5442AE4F0496} = {6EDEFE39-6454-48FC-B498-5442AE4F0496}
		{84439E41-ABE1-4307-99EF-65EE01F31BAD} = {84439E41-ABE1-4307-99EF-65EE01F31BAD}
		{905B3054-1865-40D6-B569-0C493838F9BF} = {905B3054-1865-40D6-B569-0C493838F9BF}
		{DDC77762-55FE-4B9C-B0E4-E5B3236A73EE} = {DDC77762-55FE-4B9C-B0E4-E5B3236A73EE}
		{FF1B596B-48FA-4D95-8DEE-AE2062419CE1} = {FF1B596B-48FA-4D95-8DEE-AE2062419CE1}
		{ABF9E286-3E23-4267-BC5A-52D320F82875} = {ABF9E286-3E23-4267-BC5A-52D320F82875}
		{792EA18F-9326-4509-8DF7-F15DB0543E8D} = {792EA18F-9326-4509-8DF7-F15DB0543E8D}
		{4F0741A6-D64D-4AB8-AF54-CDCAE24CF4CF} = {4F0741A6-D64D-4AB8-AF54-CDCAE24CF4CF}
		{1A8DFEB6-A767-4D83-992D-B226C050912A} = {1A8DFEB6-A767-4D83-992D-B226C050912A}
		{58314BD5-ADC9-407E-8074-BDF1EA86EC2D} = {58314BD5-ADC9-407E-8074-BDF1EA86EC2D}
	EndProjectSection
EndProject
Project("{8BC9CEB8-8B4A-11D0-8D11-00A0C91BC942}") = "libxml", "..\iSeeLibs\libxml\iSee.project\libxml.vcproj", "{E4611309-1703-46C6-91FC-A1BEE401C910}"
EndProject
Project("{8BC9CEB8-8B4A-11D0-8D11-00A0C91BC942}") = "libjpeg", "..\iSeeLibs\libjpeg\iSee.project\libjpeg.vcproj", "{792EA18F-9326-4509-8DF7-F15DB0543E8D}"
EndProject
Project("{8BC9CEB8-8B4A-11D0-8D11-00A0C91BC942}") = "libpng", "..\iSeeLibs\libpng\iSee.project\libpng.vcproj", "{58314BD5-ADC9-407E-8074-BDF1EA86EC2D}"
EndProject
Project("{8BC9CEB8-8B4A-11D0-8D11-00A0C91BC942}") = "zlib", "..\iSeeLibs\zlib\iSee.project\zlib.vcproj", "{DDC77762-55FE-4B9C-B0E4-E5B3236A73EE}"
EndProject
Project("{8BC9CEB8-8B4A-11D0-8D11-00A0C91BC942}") = "sqlite3", "..\iSeeLibs\sqlite3\iSee.project\sqlite3.vcproj", "{ABF9E286-3E23-4267-BC5A-52D320F82875}"
EndProject
Project("{8BC9CEB8-8B4A-11D0-8D11-00A0C91BC942}") = "pthread", "..\iSeeLibs\pthreads\iSee.project\pthread.vcproj", "{2E47ED19-1FAE-4F13-AC41-4D07588E1AA8}"
EndProject
Project("{8BC9CEB8-8B4A-11D0-8D11-00A0C91BC942}") = "libxslt", "..\iSeeLibs\libxslt\iSee.project\libxslt.vcproj", "{1A8DFEB6-A767-4D83-992D-B226C050912A}"
EndProject
Project("{8BC9CEB8-8B4A-11D0-8D11-00A0C91BC942}") = "freetype", "..\iSeeLibs\freetype\iSee.project\freetype.vcproj", "{84439E41-ABE1-4307-99EF-65EE01F31BAD}"
EndProject
Project("{8BC9CEB8-8B4A-11D0-8D11-00A0C91BC942}") = "expat", "..\iSeeLibs\expat\iSee.project\expat.vcproj", "{905B3054-1865-40D6-B569-0C493838F9BF}"
EndProject
Project("{8BC9CEB8-8B4A-11D0-8D11-00A0C91BC942}") = "libcurl", "..\iSeeLibs\curl\iSee.project\libcurl.vcproj", "{FF1B596B-48FA-4D95-8DEE-AE2062419CE1}"
EndProject
Project("{8BC9CEB8-8B4A-11D0-8D11-00A0C91BC942}") = "cairo", "..\iSeeLibs\cairo\iSee.project\cairo.vcproj", "{4F0741A6-D64D-4AB8-AF54-CDCAE24CF4CF}"
EndProject
Project("{8BC9CEB8-8B4A-11D0-8D11-00A0C91BC942}") = "casqt", "..\iSeeLibs\casqt\iSee.project\casqt.vcproj", "{6EDEFE39-6454-48FC-B498-5442AE4F0496}"
EndProject
Project("{8BC9CEB8-8B4A-11D0-8D11-00A0C91BC942}") = "wceshunt", "..\iSeeLibs\wceshunt\iSee.project\wceshunt.vcproj", "{23CD7FDA-A23A-4D49-87B8-BE059EF45048}"
EndProject
Global
	GlobalSection(SolutionConfigurationPlatforms) = preSolution
		Debug|PBTest (ARMV4I) = Debug|PBTest (ARMV4I)
		Debug|Pocket PC 2003 (ARMV4) = Debug|Pocket PC 2003 (ARMV4)
		Debug|Smartphone 2003 (ARMV4) = Debug|Smartphone 2003 (ARMV4)
		Debug|Win32 = Debug|Win32
		Release|PBTest (ARMV4I) = Release|PBTest (ARMV4I)
		Release|Pocket PC 2003 (ARMV4) = Release|Pocket PC 2003 (ARMV4)
		Release|Smartphone 2003 (ARMV4) = Release|Smartphone 2003 (ARMV4)
		Release|Win32 = Release|Win32
	EndGlobalSection
	GlobalSection(ProjectConfigurationPlatforms) = postSolution
		{A5EF3007-9450-4250-BE80-FB2CED00A145}.Debug|PBTest (ARMV4I).ActiveCfg = Debug|PBTest (ARMV4I)
		{A5EF3007-9450-4250-BE80-FB2CED00A145}.Debug|PBTest (ARMV4I).Build.0 = Debug|PBTest (ARMV4I)
		{A5EF3007-9450-4250-BE80-FB2CED00A145}.Debug|PBTest (ARMV4I).Deploy.0 = Debug|PBTest (ARMV4I)
		{A5EF3007-9450-4250-BE80-FB2CED00A145}.Debug|Pocket PC 2003 (ARMV4).ActiveCfg = Debug|Pocket PC 2003 (ARMV4)
		{A5EF3007-9450-4250-BE80-FB2CED00A145}.Debug|Pocket PC 2003 (ARMV4).Build.0 = Debug|Pocket PC 2003 (ARMV4)
		{A5EF3007-9450-4250-BE80-FB2CED00A145}.Debug|Pocket PC 2003 (ARMV4).Deploy.0 = Debug|Pocket PC 2003 (ARMV4)
		{A5EF3007-9450-4250-BE80-FB2CED00A145}.Debug|Smartphone 2003 (ARMV4).ActiveCfg = Debug|Smartphone 2003 (ARMV4)
		{A5EF3007-9450-4250-BE80-FB2CED00A145}.Debug|Smartphone 2003 (ARMV4).Build.0 = Debug|Smartphone 2003 (ARMV4)
		{A5EF3007-9450-4250-BE80-FB2CED00A145}.Debug|Smartphone 2003 (ARMV4).Deploy.0 = Debug|Smartphone 2003 (ARMV4)
		{A5EF3007-9450-4250-BE80-FB2CED00A145}.Debug|Win32.ActiveCfg = Debug|Win32
		{A5EF3007-9450-4250-BE80-FB2CED00A145}.Debug|Win32.Build.0 = Debug|Win32
		{A5EF3007-9450-4250-BE80-FB2CED00A145}.Release|PBTest (ARMV4I).ActiveCfg = Release|PBTest (ARMV4I)
		{A5EF3007-9450-4250-BE80-FB2CED00A145}.Release|PBTest (ARMV4I).Build.0 = Release|PBTest (ARMV4I)
		{A5EF3007-9450-4250-BE80-FB2CED00A145}.Release|PBTest (ARMV4I).Deploy.0 = Release|PBTest (ARMV4I)
		{A5EF3007-9450-4250-BE80-FB2CED00A145}.Release|Pocket PC 2003 (ARMV4).ActiveCfg = Release|Pocket PC 2003 (ARMV4)
		{A5EF3007-9450-4250-BE80-FB2CED00A145}.Release|Pocket PC 2003 (ARMV4).Build.0 = Release|Pocket PC 2003 (ARMV4)
		{A5EF3007-9450-4250-BE80-FB2CED00A145}.Release|Pocket PC 2003 (ARMV4).Deploy.0 = Release|Pocket PC 2003 (ARMV4)
		{A5EF3007-9450-4250-BE80-FB2CED00A145}.Release|Smartphone 2003 (ARMV4).ActiveCfg = Release|Smartphone 2003 (ARMV4)
		{A5EF3007-9450-4250-BE80-FB2CED00A145}.Release|Smartphone 2003 (ARMV4).Build.0 = Release|Smartphone 2003 (ARMV4)
		{A5EF3007-9450-4250-BE80-FB2CED00A145}.Release|Smartphone 2003 (ARMV4).Deploy.0 = Release|Smartphone 2003 (ARMV4)
		{A5EF3007-9450-4250-BE80-FB2CED00A145}.Release|Win32.ActiveCfg = Release|Win32
		{A5EF3007-9450-4250-BE80-FB2CED00A145}.Release|Win32.Build.0 = Release|Win32
		{E4611309-1703-46C6-91FC-A1BEE401C910}.Debug|PBTest (ARMV4I).ActiveCfg = Debug|PBTest (ARMV4I)
		{E4611309-1703-46C6-91FC-A1BEE401C910}.Debug|PBTest (ARMV4I).Build.0 = Debug|PBTest (ARMV4I)
		{E4611309-1703-46C6-91FC-A1BEE401C910}.Debug|PBTest (ARMV4I).Deploy.0 = Debug|PBTest (ARMV4I)
		{E4611309-1703-46C6-91FC-A1BEE401C910}.Debug|Pocket PC 2003 (ARMV4).ActiveCfg = Debug|Pocket PC 2003 (ARMV4)
		{E4611309-1703-46C6-91FC-A1BEE401C910}.Debug|Pocket PC 2003 (ARMV4).Build.0 = Debug|Pocket PC 2003 (ARMV4)
		{E4611309-1703-46C6-91FC-A1BEE401C910}.Debug|Pocket PC 2003 (ARMV4).Deploy.0 = Debug|Pocket PC 2003 (ARMV4)
		{E4611309-1703-46C6-91FC-A1BEE401C910}.Debug|Smartphone 2003 (ARMV4).ActiveCfg = Debug|Smartphone 2003 (ARMV4)
		{E4611309-1703-46C6-91FC-A1BEE401C910}.Debug|Smartphone 2003 (ARMV4).Build.0 = Debug|Smartphone 2003 (ARMV4)
		{E4611309-1703-46C6-91FC-A1BEE401C910}.Debug|Smartphone 2003 (ARMV4).Deploy.0 = Debug|Smartphone 2003 (ARMV4)
		{E4611309-1703-46C6-91FC-A1BEE401C910}.Debug|Win32.ActiveCfg = Debug|Win32
		{E4611309-1703-46C6-91FC-A1BEE401C910}.Debug|Win32.Build.0 = Debug|Win32
		{E4611309-1703-46C6-91FC-A1BEE401C910}.Release|PBTest (ARMV4I).ActiveCfg = Release|PBTest (ARMV4I)
		{E4611309-1703-46C6-91FC-A1BEE401C910}.Release|PBTest (ARMV4I).Build.0 = Release|PBTest (ARMV4I)
		{E4611309-1703-46C6-91FC-A1BEE401C910}.Release|PBTest (ARMV4I).Deploy.0 = Release|PBTest (ARMV4I)
		{E4611309-1703-46C6-91FC-A1BEE401C910}.Release|Pocket PC 2003 (ARMV4).ActiveCfg = Release|Pocket PC 2003 (ARMV4)
		{E4611309-1703-46C6-91FC-A1BEE401C910}.Release|Pocket PC 2003 (ARMV4).Build.0 = Release|Pocket PC 2003 (ARMV4)
		{E4611309-1703-46C6-91FC-A1BEE401C910}.Release|Pocket PC 2003 (ARMV4).Deploy.0 = Release|Pocket PC 2003 (ARMV4)
		{E4611309-1703-46C6-91FC-A1BEE401C910}.Release|Smartphone 2003 (ARMV4).ActiveCfg = Release|Smartphone 2003 (ARMV4)
		{E4611309-1703-46C6-91FC-A1BEE401C910}.Release|Smartphone 2003 (ARMV4).Build.0 = Release|Smartphone 2003 (ARMV4)
		{E4611309-1703-46C6-91FC-A1BEE401C910}.Release|Smartphone 2003 (ARMV4).Deploy.0 = Release|Smartphone 2003 (ARMV4)
		{E4611309-1703-46C6-91FC-A1BEE401C910}.Release|Win32.ActiveCfg = Release|Win32
		{E4611309-1703-46C6-91FC-A1BEE401C910}.Release|Win32.Build.0 = Release|Win32
		{792EA18F-9326-4509-8DF7-F15DB0543E8D}.Debug|PBTest (ARMV4I).ActiveCfg = Debug|PBTest (ARMV4I)
		{792EA18F-9326-4509-8DF7-F15DB0543E8D}.Debug|PBTest (ARMV4I).Build.0 = Debug|PBTest (ARMV4I)
		{792EA18F-9326-4509-8DF7-F15DB0543E8D}.Debug|PBTest (ARMV4I).Deploy.0 = Debug|PBTest (ARMV4I)
		{792EA18F-9326-4509-8DF7-F15DB0543E8D}.Debug|Pocket PC 2003 (ARMV4).ActiveCfg = Debug|Pocket PC 2003 (ARMV4)
		{792EA18F-9326-4509-8DF7-F15DB0543E8D}.Debug|Pocket PC 2003 (ARMV4).Build.0 = Debug|Pocket PC 2003 (ARMV4)
		{792EA18F-9326-4509-8DF7-F15DB0543E8D}.Debug|Pocket PC 2003 (ARMV4).Deploy.0 = Debug|Pocket PC 2003 (ARMV4)
		{792EA18F-9326-4509-8DF7-F15DB0543E8D}.Debug|Smartphone 2003 (ARMV4).ActiveCfg = Debug|Smartphone 2003 (ARMV4)
		{792EA18F-9326-4509-8DF7-F15DB0543E8D}.Debug|Smartphone 2003 (ARMV4).Build.0 = Debug|Smartphone 2003 (ARMV4)
		{792EA18F-9326-4509-8DF7-F15DB0543E8D}.Debug|Smartphone 2003 (ARMV4).Deploy.0 = Debug|Smartphone 2003 (ARMV4)
		{792EA18F-9326-4509-8DF7-F15DB0543E8D}.Debug|Win32.ActiveCfg = Debug|Win32
		{792EA18F-9326-4509-8DF7-F15DB0543E8D}.Debug|Win32.Build.0 = Debug|Win32
		{792EA18F-9326-4509-8DF7-F15DB0543E8D}.Release|PBTest (ARMV4I).ActiveCfg = Release|PBTest (ARMV4I)
		{792EA18F-9326-4509-8DF7-F15DB0543E8D}.Release|PBTest (ARMV4I).Build.0 = Release|PBTest (ARMV4I)
		{792EA18F-9326-4509-8DF7-F15DB0543E8D}.Release|PBTest (ARMV4I).Deploy.0 = Release|PBTest (ARMV4I)
		{792EA18F-9326-4509-8DF7-F15DB0543E8D}.Release|Pocket PC 2003 (ARMV4).ActiveCfg = Release|Pocket PC 2003 (ARMV4)
		{792EA18F-9326-4509-8DF7-F15DB0543E8D}.Release|Pocket PC 2003 (ARMV4).Build.0 = Release|Pocket PC 2003 (ARMV4)
		{792EA18F-9326-4509-8DF7-F15DB0543E8D}.Release|Pocket PC 2003 (ARMV4).Deploy.0 = Release|Pocket PC 2003 (ARMV4)
		{792EA18F-9326-4509-8DF7-F15DB0543E8D}.Release|Smartphone 2003 (ARMV4).ActiveCfg = Release|Smartphone 2003 (ARMV4)
		{792EA18F-9326-4509-8DF7-F15DB0543E8D}.Release|Smartphone 2003 (ARMV4).Build.0 = Release|Smartphone 2003 (ARMV4)
		{792EA18F-9326-4509-8DF7-F15DB0543E8D}.Release|Smartphone 2003 (ARMV4).Deploy.0 = Release|Smartphone 2003 (ARMV4)
		{792EA18F-9326-4509-8DF7-F15DB0543E8D}.Release|Win32.ActiveCfg = Release|Win32
		{792EA18F-9326-4509-8DF7-F15DB0543E8D}.Release|Win32.Build.0 = Release|Win32
		{58314BD5-ADC9-407E-8074-BDF1EA86EC2D}.Debug|PBTest (ARMV4I).ActiveCfg = Debug|PBTest (ARMV4I)
		{58314BD5-ADC9-407E-8074-BDF1EA86EC2D}.Debug|PBTest (ARMV4I).Build.0 = Debug|PBTest (ARMV4I)
		{58314BD5-ADC9-407E-8074-BDF1EA86EC2D}.Debug|PBTest (ARMV4I).Deploy.0 = Debug|PBTest (ARMV4I)
		{58314BD5-ADC9-407E-8074-BDF1EA86EC2D}.Debug|Pocket PC 2003 (ARMV4).ActiveCfg = Debug|Pocket PC 2003 (ARMV4)
		{58314BD5-ADC9-407E-8074-BDF1EA86EC2D}.Debug|Pocket PC 2003 (ARMV4).Build.0 = Debug|Pocket PC 2003 (ARMV4)
		{58314BD5-ADC9-407E-8074-BDF1EA86EC2D}.Debug|Pocket PC 2003 (ARMV4).Deploy.0 = Debug|Pocket PC 2003 (ARMV4)
		{58314BD5-ADC9-407E-8074-BDF1EA86EC2D}.Debug|Smartphone 2003 (ARMV4).ActiveCfg = Debug|Smartphone 2003 (ARMV4)
		{58314BD5-ADC9-407E-8074-BDF1EA86EC2D}.Debug|Smartphone 2003 (ARMV4).Build.0 = Debug|Smartphone 2003 (ARMV4)
		{58314BD5-ADC9-407E-8074-BDF1EA86EC2D}.Debug|Smartphone 2003 (ARMV4).Deploy.0 = Debug|Smartphone 2003 (ARMV4)
		{58314BD5-ADC9-407E-8074-BDF1EA86EC2D}.Debug|Win32.ActiveCfg = Debug|Win32
		{58314BD5-ADC9-407E-8074-BDF1EA86EC2D}.Debug|Win32.Build.0 = Debug|Win32
		{58314BD5-ADC9-407E-8074-BDF1EA86EC2D}.Release|PBTest (ARMV4I).ActiveCfg = Release|PBTest (ARMV4I)
		{58314BD5-ADC9-407E-8074-BDF1EA86EC2D}.Release|PBTest (ARMV4I).Build.0 = Release|PBTest (ARMV4I)
		{58314BD5-ADC9-407E-8074-BDF1EA86EC2D}.Release|PBTest (ARMV4I).Deploy.0 = Release|PBTest (ARMV4I)
		{58314BD5-ADC9-407E-8074-BDF1EA86EC2D}.Release|Pocket PC 2003 (ARMV4).ActiveCfg = Release|Pocket PC 2003 (ARMV4)
		{58314BD5-ADC9-407E-8074-BDF1EA86EC2D}.Release|Pocket PC 2003 (ARMV4).Build.0 = Release|Pocket PC 2003 (ARMV4)
		{58314BD5-ADC9-407E-8074-BDF1EA86EC2D}.Release|Pocket PC 2003 (ARMV4).Deploy.0 = Release|Pocket PC 2003 (ARMV4)
		{58314BD5-ADC9-407E-8074-BDF1EA86EC2D}.Release|Smartphone 2003 (ARMV4).ActiveCfg = Release|Smartphone 2003 (ARMV4)
		{58314BD5-ADC9-407E-8074-BDF1EA86EC2D}.Release|Smartphone 2003 (ARMV4).Build.0 = Release|Smartphone 2003 (ARMV4)
		{58314BD5-ADC9-407E-8074-BDF1EA86EC2D}.Release|Smartphone 2003 (ARMV4).Deploy.0 = Release|Smartphone 2003 (ARMV4)
		{58314BD5-ADC9-407E-8074-BDF1EA86EC2D}.Release|Win32.ActiveCfg = Release|Win32
		{58314BD5-ADC9-407E-8074-BDF1EA86EC2D}.Release|Win32.Build.0 = Release|Win32
		{DDC77762-55FE-4B9C-B0E4-E5B3236A73EE}.Debug|PBTest (ARMV4I).ActiveCfg = Debug|PBTest (ARMV4I)
		{DDC77762-55FE-4B9C-B0E4-E5B3236A73EE}.Debug|PBTest (ARMV4I).Build.0 = Debug|PBTest (ARMV4I)
		{DDC77762-55FE-4B9C-B0E4-E5B3236A73EE}.Debug|PBTest (ARMV4I).Deploy.0 = Debug|PBTest (ARMV4I)
		{DDC77762-55FE-4B9C-B0E4-E5B3236A73EE}.Debug|Pocket PC 2003 (ARMV4).ActiveCfg = Debug|Pocket PC 2003 (ARMV4)
		{DDC77762-55FE-4B9C-B0E4-E5B3236A73EE}.Debug|Pocket PC 2003 (ARMV4).Build.0 = Debug|Pocket PC 2003 (ARMV4)
		{DDC77762-55FE-4B9C-B0E4-E5B3236A73EE}.Debug|Pocket PC 2003 (ARMV4).Deploy.0 = Debug|Pocket PC 2003 (ARMV4)
		{DDC77762-55FE-4B9C-B0E4-E5B3236A73EE}.Debug|Smartphone 2003 (ARMV4).ActiveCfg = Debug|Smartphone 2003 (ARMV4)
		{DDC77762-55FE-4B9C-B0E4-E5B3236A73EE}.Debug|Smartphone 2003 (ARMV4).Build.0 = Debug|Smartphone 2003 (ARMV4)
		{DDC77762-55FE-4B9C-B0E4-E5B3236A73EE}.Debug|Smartphone 2003 (ARMV4).Deploy.0 = Debug|Smartphone 2003 (ARMV4)
		{DDC77762-55FE-4B9C-B0E4-E5B3236A73EE}.Debug|Win32.ActiveCfg = Debug|Win32
		{DDC77762-55FE-4B9C-B0E4-E5B3236A73EE}.Debug|Win32.Build.0 = Debug|Win32
		{DDC77762-55FE-4B9C-B0E4-E5B3236A73EE}.Release|PBTest (ARMV4I).ActiveCfg = Release|PBTest (ARMV4I)
		{DDC77762-55FE-4B9C-B0E4-E5B3236A73EE}.Release|PBTest (ARMV4I).Build.0 = Release|PBTest (ARMV4I)
		{DDC77762-55FE-4B9C-B0E4-E5B3236A73EE}.Release|PBTest (ARMV4I).Deploy.0 = Release|PBTest (ARMV4I)
		{DDC77762-55FE-4B9C-B0E4-E5B3236A73EE}.Release|Pocket PC 2003 (ARMV4).ActiveCfg = Release|Pocket PC 2003 (ARMV4)
		{DDC77762-55FE-4B9C-B0E4-E5B3236A73EE}.Release|Pocket PC 2003 (ARMV4).Build.0 = Release|Pocket PC 2003 (ARMV4)
		{DDC77762-55FE-4B9C-B0E4-E5B3236A73EE}.Release|Pocket PC 2003 (ARMV4).Deploy.0 = Release|Pocket PC 2003 (ARMV4)
		{DDC77762-55FE-4B9C-B0E4-E5B3236A73EE}.Release|Smartphone 2003 (ARMV4).ActiveCfg = Release|Smartphone 2003 (ARMV4)
		{DDC77762-55FE-4B9C-B0E4-E5B3236A73EE}.Release|Smartphone 2003 (ARMV4).Build.0 = Release|Smartphone 2003 (ARMV4)
		{DDC77762-55FE-4B9C-B0E4-E5B3236A73EE}.Release|Smartphone 2003 (ARMV4).Deploy.0 = Release|Smartphone 2003 (ARMV4)
		{DDC77762-55FE-4B9C-B0E4-E5B3236A73EE}.Release|Win32.ActiveCfg = Release|Win32
		{DDC77762-55FE-4B9C-B0E4-E5B3236A73EE}.Release|Win32.Build.0 = Release|Win32
		{ABF9E286-3E23-4267-BC5A-52D320F82875}.Debug|PBTest (ARMV4I).ActiveCfg = Debug|PBTest (ARMV4I)
		{ABF9E286-3E23-4267-BC5A-52D320F82875}.Debug|PBTest (ARMV4I).Build.0 = Debug|PBTest (ARMV4I)
		{ABF9E286-3E23-4267-BC5A-52D320F82875}.Debug|PBTest (ARMV4I).Deploy.0 = Debug|PBTest (ARMV4I)
		{ABF9E286-3E23-4267-BC5A-52D320F82875}.Debug|Pocket PC 2003 (ARMV4).ActiveCfg = Debug|Pocket PC 2003 (ARMV4)
		{ABF9E286-3E23-4267-BC5A-52D320F82875}.Debug|Pocket PC 2003 (ARMV4).Build.0 = Debug|Pocket PC 2003 (ARMV4)
		{ABF9E286-3E23-4267-BC5A-52D320F82875}.Debug|Pocket PC 2003 (ARMV4).Deploy.0 = Debug|Pocket PC 2003 (ARMV4)
		{ABF9E286-3E23-4267-BC5A-52D320F82875}.Debug|Smartphone 2003 (ARMV4).ActiveCfg = Debug|Smartphone 2003 (ARMV4)
		{ABF9E286-3E23-4267-BC5A-52D320F82875}.Debug|Smartphone 2003 (ARMV4).Build.0 = Debug|Smartphone 2003 (ARMV4)
		{ABF9E286-3E23-4267-BC5A-52D320F82875}.Debug|Smartphone 2003 (ARMV4).Deploy.0 = Debug|Smartphone 2003 (ARMV4)
		{ABF9E286-3E23-4267-BC5A-52D320F82875}.Debug|Win32.ActiveCfg = Debug|Win32
		{ABF9E286-3E23-4267-BC5A-52D320F82875}.Debug|Win32.Build.0 = Debug|Win32
		{ABF9E286-3E23-4267-BC5A-52D320F82875}.Release|PBTest (ARMV4I).ActiveCfg = Release|PBTest (ARMV4I)
		{ABF9E286-3E23-4267-BC5A-52D320F82875}.Release|PBTest (ARMV4I).Build.0 = Release|PBTest (ARMV4I)
		{ABF9E286-3E23-4267-BC5A-52D320F82875}.Release|PBTest (ARMV4I).Deploy.0 = Release|PBTest (ARMV4I)
		{ABF9E286-3E23-4267-BC5A-52D320F82875}.Release|Pocket PC 2003 (ARMV4).ActiveCfg = Release|Pocket PC 2003 (ARMV4)
		{ABF9E286-3E23-4267-BC5A-52D320F82875}.Release|Pocket PC 2003 (ARMV4).Build.0 = Release|Pocket PC 2003 (ARMV4)
		{ABF9E286-3E23-4267-BC5A-52D320F82875}.Release|Pocket PC 2003 (ARMV4).Deploy.0 = Release|Pocket PC 2003 (ARMV4)
		{ABF9E286-3E23-4267-BC5A-52D320F82875}.Release|Smartphone 2003 (ARMV4).ActiveCfg = Release|Smartphone 2003 (ARMV4)
		{ABF9E286-3E23-4267-BC5A-52D320F82875}.Release|Smartphone 2003 (ARMV4).Build.0 = Release|Smartphone 2003 (ARMV4)
		{ABF9E286-3E23-4267-BC5A-52D320F82875}.Release|Smartphone 2003 (ARMV4).Deploy.0 = Release|Smartphone 2003 (ARMV4)
		{ABF9E286-3E23-4267-BC5A-52D320F82875}.Release|Win32.ActiveCfg = Release|Win32
		{ABF9E286-3E23-4267-BC5A-52D320F82875}.Release|Win32.Build.0 = Release|Win32
		{2E47ED19-1FAE-4F13-AC41-4D07588E1AA8}.Debug|PBTest (ARMV4I).ActiveCfg = Debug|PBTest (ARMV4I)
		{2E47ED19-1FAE-4F13-AC41-4D07588E1AA8}.Debug|PBTest (ARMV4I).Build.0 = Debug|PBTest (ARMV4I)
		{2E47ED19-1FAE-4F13-AC41-4D07588E1AA8}.Debug|PBTest (ARMV4I).Deploy.0 = Debug|PBTest (ARMV4I)
		{2E47ED19-1FAE-4F13-AC41-4D07588E1AA8}.Debug|Pocket PC 2003 (ARMV4).ActiveCfg = Debug|Pocket PC 2003 (ARMV4)
		{2E47ED19-1FAE-4F13-AC41-4D07588E1AA8}.Debug|Pocket PC 2003 (ARMV4).Build.0 = Debug|Pocket PC 2003 (ARMV4)
		{2E47ED19-1FAE-4F13-AC41-4D07588E1AA8}.Debug|Pocket PC 2003 (ARMV4).Deploy.0 = Debug|Pocket PC 2003 (ARMV4)
		{2E47ED19-1FAE-4F13-AC41-4D07588E1AA8}.Debug|Smartphone 2003 (ARMV4).ActiveCfg = Debug|Smartphone 2003 (ARMV4)
		{2E47ED19-1FAE-4F13-AC41-4D07588E1AA8}.Debug|Smartphone 2003 (ARMV4).Build.0 = Debug|Smartphone 2003 (ARMV4)
		{2E47ED19-1FAE-4F13-AC41-4D07588E1AA8}.Debug|Smartphone 2003 (ARMV4).Deploy.0 = Debug|Smartphone 2003 (ARMV4)
		{2E47ED19-1FAE-4F13-AC41-4D07588E1AA8}.Debug|Win32.ActiveCfg = Debug|Win32
		{2E47ED19-1FAE-4F13-AC41-4D07588E1AA8}.Debug|Win32.Build.0 = Debug|Win32
		{2E47ED19-1FAE-4F13-AC41-4D07588E1AA8}.Release|PBTest (ARMV4I).ActiveCfg = Release|PBTest (ARMV4I)
		{2E47ED19-1FAE-4F13-AC41-4D07588E1AA8}.Release|PBTest (ARMV4I).Build.0 = Release|PBTest (ARMV4I)
		{2E47ED19-1FAE-4F13-AC41-4D07588E1AA8}.Release|PBTest (ARMV4I).Deploy.0 = Release|PBTest (ARMV4I)
		{2E47ED19-1FAE-4F13-AC41-4D07588E1AA8}.Release|Pocket PC 2003 (ARMV4).ActiveCfg = Release|Pocket PC 2003 (ARMV4)
		{2E47ED19-1FAE-4F13-AC41-4D07588E1AA8}.Release|Pocket PC 2003 (ARMV4).Build.0 = Release|Pocket PC 2003 (ARMV4)
		{2E47ED19-1FAE-4F13-AC41-4D07588E1AA8}.Release|Pocket PC 2003 (ARMV4).Deploy.0 = Release|Pocket PC 2003 (ARMV4)
		{2E47ED19-1FAE-4F13-AC41-4D07588E1AA8}.Release|Smartphone 2003 (ARMV4).ActiveCfg = Release|Smartphone 2003 (ARMV4)
		{2E47ED19-1FAE-4F13-AC41-4D07588E1AA8}.Release|Smartphone 2003 (ARMV4).Build.0 = Release|Smartphone 2003 (ARMV4)
		{2E47ED19-1FAE-4F13-AC41-4D07588E1AA8}.Release|Smartphone 2003 (ARMV4).Deploy.0 = Release|Smartphone 2003 (ARMV4)
		{2E47ED19-1FAE-4F13-AC41-4D07588E1AA8}.Release|Win32.ActiveCfg = Release|Win32
		{2E47ED19-1FAE-4F13-AC41-4D07588E1AA8}.Release|Win32.Build.0 = Release|Win32
		{1A8DFEB6-A767-4D83-992D-B226C050912A}.Debug|PBTest (ARMV4I).ActiveCfg = Debug|PBTest (ARMV4I)
		{1A8DFEB6-A767-4D83-992D-B226C050912A}.Debug|PBTest (ARMV4I).Build.0 = Debug|PBTest (ARMV4I)
		{1A8DFEB6-A767-4D83-992D-B226C050912A}.Debug|PBTest (ARMV4I).Deploy.0 = Debug|PBTest (ARMV4I)
		{1A8DFEB6-A767-4D83-992D-B226C050912A}.Debug|Pocket PC 2003 (ARMV4).ActiveCfg = Debug|Pocket PC 2003 (ARMV4)
		{1A8DFEB6-A767-4D83-992D-B226C050912A}.Debug|Pocket PC 2003 (ARMV4).Build.0 = Debug|Pocket PC 2003 (ARMV4)
		{1A8DFEB6-A767-4D83-992D-B226C050912A}.Debug|Pocket PC 2003 (ARMV4).Deploy.0 = Debug|Pocket PC 2003 (ARMV4)
		{1A8DFEB6-A767-4D83-992D-B226C050912A}.Debug|Smartphone 2003 (ARMV4).ActiveCfg = Debug|Smartphone 2003 (ARMV4)
		{1A8DFEB6-A767-4D83-992D-B226C050912A}.Debug|Smartphone 2003 (ARMV4).Build.0 = Debug|Smartphone 2003 (ARMV4)
		{1A8DFEB6-A767-4D83-992D-B226C050912A}.Debug|Smartphone 2003 (ARMV4).Deploy.0 = Debug|Smartphone 2003 (ARMV4)
		{1A8DFEB6-A767-4D83-992D-B226C050912A}.Debug|Win32.ActiveCfg = Debug|Win32
		{1A8DFEB6-A767-4D83-992D-B226C050912A}.Debug|Win32.Build.0 = Debug|Win32
		{1A8DFEB6-A767-4D83-992D-B226C050912A}.Release|PBTest (ARMV4I).ActiveCfg = Release|PBTest (ARMV4I)
		{1A8DFEB6-A767-4D83-992D-B226C050912A}.Release|PBTest (ARMV4I).Build.0 = Release|PBTest (ARMV4I)
		{1A8DFEB6-A767-4D83-992D-B226C050912A}.Release|PBTest (ARMV4I).Deploy.0 = Release|PBTest (ARMV4I)
		{1A8DFEB6-A767-4D83-992D-B226C050912A}.Release|Pocket PC 2003 (ARMV4).ActiveCfg = Release|Pocket PC 2003 (ARMV4)
		{1A8DFEB6-A767-4D83-992D-B226C050912A}.Release|Pocket PC 2003 (ARMV4).Build.0 = Release|Pocket PC 2003 (ARMV4)
		{1A8DFEB6-A767-4D83-992D-B226C050912A}.Release|Pocket PC 2003 (ARMV4).Deploy.0 = Release|Pocket PC 2003 (ARMV4)
		{1A8DFEB6-A767-4D83-992D-B226C050912A}.Release|Smartphone 2003 (ARMV4).ActiveCfg = Release|Smartphone 2003 (ARMV4)
		{1A8DFEB6-A767-4D83-992D-B226C050912A}.Release|Smartphone 2003 (ARMV4).Build.0 = Release|Smartphone 2003 (ARMV4)
		{1A8DFEB6-A767-4D83-992D-B226C050912A}.Release|Smartphone 2003 (ARMV4).Deploy.0 = Release|Smartphone 2003 (ARMV4)
		{1A8DFEB6-A767-4D83-992D-B226C050912A}.Release|Win32.ActiveCfg = Release|Win32
		{1A8DFEB6-A767-4D83-992D-B226C050912A}.Release|Win32.Build.0 = Release|Win32
		{84439E41-ABE1-4307-99EF-65EE01F31BAD}.Debug|PBTest (ARMV4I).ActiveCfg = Debug|PBTest (ARMV4I)
		{84439E41-ABE1-4307-99EF-65EE01F31BAD}.Debug|PBTest (ARMV4I).Build.0 = Debug|PBTest (ARMV4I)
		{84439E41-ABE1-4307-99EF-65EE01F31BAD}.Debug|PBTest (ARMV4I).Deploy.0 = Debug|PBTest (ARMV4I)
		{84439E41-ABE1-4307-99EF-65EE01F31BAD}.Debug|Pocket PC 2003 (ARMV4).ActiveCfg = Debug|Pocket PC 2003 (ARMV4)
		{84439E41-ABE1-4307-99EF-65EE01F31BAD}.Debug|Pocket PC 2003 (ARMV4).Build.0 = Debug|Pocket PC 2003 (ARMV4)
		{84439E41-ABE1-4307-99EF-65EE01F31BAD}.Debug|Pocket PC 2003 (ARMV4).Deploy.0 = Debug|Pocket PC 2003 (ARMV4)
		{84439E41-ABE1-4307-99EF-65EE01F31BAD}.Debug|Smartphone 2003 (ARMV4).ActiveCfg = Debug|Smartphone 2003 (ARMV4)
		{84439E41-ABE1-4307-99EF-65EE01F31BAD}.Debug|Smartphone 2003 (ARMV4).Build.0 = Debug|Smartphone 2003 (ARMV4)
		{84439E41-ABE1-4307-99EF-65EE01F31BAD}.Debug|Smartphone 2003 (ARMV4).Deploy.0 = Debug|Smartphone 2003 (ARMV4)
		{84439E41-ABE1-4307-99EF-65EE01F31BAD}.Debug|Win32.ActiveCfg = Debug|Win32
		{84439E41-ABE1-4307-99EF-65EE01F31BAD}.Debug|Win32.Build.0 = Debug|Win32
		{84439E41-ABE1-4307-99EF-65EE01F31BAD}.Release|PBTest (ARMV4I).ActiveCfg = Release|PBTest (ARMV4I)
		{84439E41-ABE1-4307-99EF-65EE01F31BAD}.Release|PBTest (ARMV4I).Build.0 = Release|PBTest (ARMV4I)
		{84439E41-ABE1-4307-99EF-65EE01F31BAD}.Release|PBTest (ARMV4I).Deploy.0 = Release|PBTest (ARMV4I)
		{84439E41-ABE1-4307-99EF-65EE01F31BAD}.Release|Pocket PC 2003 (ARMV4).ActiveCfg = Release|Pocket PC 2003 (ARMV4)
		{84439E41-ABE1-4307-99EF-65EE01F31BAD}.Release|Pocket PC 2003 (ARMV4).Build.0 = Release|Pocket PC 2003 (ARMV4)
		{84439E41-ABE1-4307-99EF-65EE01F31BAD}.Release|Pocket PC 2003 (ARMV4).Deploy.0 = Release|Pocket PC 2003 (ARMV4)
		{84439E41-ABE1-4307-99EF-65EE01F31BAD}.Release|Smartphone 2003 (ARMV4).ActiveCfg = Release|Smartphone 2003 (ARMV4)
		{84439E41-ABE1-4307-99EF-65EE01F31BAD}.Release|Smartphone 2003 (ARMV4).Build.0 = Release|Smartphone 2003 (ARMV4)
		{84439E41-ABE1-4307-99EF-65EE01F31BAD}.Release|Smartphone 2003 (ARMV4).Deploy.0 = Release|Smartphone 2003 (ARMV4)
		{84439E41-ABE1-4307-99EF-65EE01F31BAD}.Release|Win32.ActiveCfg = Release|Win32
		{84439E41-ABE1-4307-99EF-65EE01F31BAD}.Release|Win32.Build.0 = Release|Win32
		{905B3054-1865-40D6-B569-0C493838F9BF}.Debug|PBTest (ARMV4I).ActiveCfg = Debug|PBTest (ARMV4I)
		{905B3054-1865-40D6-B569-0C493838F9BF}.Debug|PBTest (ARMV4I).Build.0 = Debug|PBTest (ARMV4I)
		{905B3054-1865-40D6-B569-0C493838F9BF}.Debug|PBTest (ARMV4I).Deploy.0 = Debug|PBTest (ARMV4I)
		{905B3054-1865-40D6-B569-0C493838F9BF}.Debug|Pocket PC 2003 (ARMV4).ActiveCfg = Debug|Pocket PC 2003 (ARMV4)
		{905B3054-1865-40D6-B569-0C493838F9BF}.Debug|Pocket PC 2003 (ARMV4).Build.0 = Debug|Pocket PC 2003 (ARMV4)
		{905B3054-1865-40D6-B569-0C493838F9BF}.Debug|Pocket PC 2003 (ARMV4).Deploy.0 = Debug|Pocket PC 2003 (ARMV4)
		{905B3054-1865-40D6-B569-0C493838F9BF}.Debug|Smartphone 2003 (ARMV4).ActiveCfg = Debug|Smartphone 2003 (ARMV4)
		{905B3054-1865-40D6-B569-0C493838F9BF}.Debug|Smartphone 2003 (ARMV4).Build.0 = Debug|Smartphone 2003 (ARMV4)
		{905B3054-1865-40D6-B569-0C493838F9BF}.Debug|Smartphone 2003 (ARMV4).Deploy.0 = Debug|Smartphone 2003 (ARMV4)
		{905B3054-1865-40D6-B569-0C493838F9BF}.Debug|Win32.ActiveCfg = Debug|Win32
		{905B3054-1865-40D6-B569-0C493838F9BF}.Debug|Win32.Build.0 = Debug|Win32
		{905B3054-1865-40D6-B569-0C493838F9BF}.Release|PBTest (ARMV4I).ActiveCfg = Release|PBTest (ARMV4I)
		{905B3054-1865-40D6-B569-0C493838F9BF}.Release|PBTest (ARMV4I).Build.0 = Release|PBTest (ARMV4I)
		{905B3054-1865-40D6-B569-0C493838F9BF}.Release|PBTest (ARMV4I).Deploy.0 = Release|PBTest (ARMV4I)
		{905B3054-1865-40D6-B569-0C493838F9BF}.Release|Pocket PC 2003 (ARMV4).ActiveCfg = Release|Pocket PC 2003 (ARMV4)
		{905B3054-1865-40D6-B569-0C493838F9BF}.Release|Pocket PC 2003 (ARMV4).Build.0 = Release|Pocket PC 2003 (ARMV4)
		{905B3054-1865-40D6-B569-0C493838F9BF}.Release|Pocket PC 2003 (ARMV4).Deploy.0 = Release|Pocket PC 2003 (ARMV4)
		{905B3054-1865-40D6-B569-0C493838F9BF}.Release|Smartphone 2003 (ARMV4).ActiveCfg = Release|Smartphone 2003 (ARMV4)
		{905B3054-1865-40D6-B569-0C493838F9BF}.Release|Smartphone 2003 (ARMV4).Build.0 = Release|Smartphone 2003 (ARMV4)
		{905B3054-1865-40D6-B569-0C493838F9BF}.Release|Smartphone 2003 (ARMV4).Deploy.0 = Release|Smartphone 2003 (ARMV4)
		{905B3054-1865-40D6-B569-0C493838F9BF}.Release|Win32.ActiveCfg = Release|Win32
		{905B3054-1865-40D6-B569-0C493838F9BF}.Release|Win32.Build.0 = Release|Win32
		{FF1B596B-48FA-4D95-8DEE-AE2062419CE1}.Debug|PBTest (ARMV4I).ActiveCfg = Debug|PBTest (ARMV4I)
		{FF1B596B-48FA-4D95-8DEE-AE2062419CE1}.Debug|PBTest (ARMV4I).Build.0 = Debug|PBTest (ARMV4I)
		{FF1B596B-48FA-4D95-8DEE-AE2062419CE1}.Debug|PBTest (ARMV4I).Deploy.0 = Debug|PBTest (ARMV4I)
		{FF1B596B-48FA-4D95-8DEE-AE2062419CE1}.Debug|Pocket PC 2003 (ARMV4).ActiveCfg = Debug|Pocket PC 2003 (ARMV4)
		{FF1B596B-48FA-4D95-8DEE-AE2062419CE1}.Debug|Pocket PC 2003 (ARMV4).Build.0 = Debug|Pocket PC 2003 (ARMV4)
		{FF1B596B-48FA-4D95-8DEE-AE2062419CE1}.Debug|Pocket PC 2003 (ARMV4).Deploy.0 = Debug|Pocket PC 2003 (ARMV4)
		{FF1B596B-48FA-4D95-8DEE-AE2062419CE1}.Debug|Smartphone 2003 (ARMV4).ActiveCfg = Debug|Smartphone 2003 (ARMV4)
		{FF1B596B-48FA-4D95-8DEE-AE2062419CE1}.Debug|Smartphone 2003 (ARMV4).Build.0 = Debug|Smartphone 2003 (ARMV4)
		{FF1B596B-48FA-4D95-8DEE-AE2062419CE1}.Debug|Smartphone 2003 (ARMV4).Deploy.0 = Debug|Smartphone 2003 (ARMV4)
		{FF1B596B-48FA-4D95-8DEE-AE2062419CE1}.Debug|Win32.ActiveCfg = Debug|Win32
		{FF1B596B-48FA-4D95-8DEE-AE2062419CE1}.Debug|Win32.Build.0 = Debug|Win32
		{FF1B596B-48FA-4D95-8DEE-AE2062419CE1}.Release|PBTest (ARMV4I).ActiveCfg = Release|PBTest (ARMV4I)
		{FF1B596B-48FA-4D95-8DEE-AE2062419CE1}.Release|PBTest (ARMV4I).Build.0 = Release|PBTest (ARMV4I)
		{FF1B596B-48FA-4D95-8DEE-AE2062419CE1}.Release|PBTest (ARMV4I).Deploy.0 = Release|PBTest (ARMV4I)
		{FF1B596B-48FA-4D95-8DEE-AE2062419CE1}.Release|Pocket PC 2003 (ARMV4).ActiveCfg = Release|Pocket PC 2003 (ARMV4)
		{FF1B596B-48FA-4D95-8DEE-AE2062419CE1}.Release|Pocket PC 2003 (ARMV4).Build.0 = Release|Pocket PC 2003 (ARMV4)
		{FF1B596B-48FA-4D95-8DEE-AE2062419CE1}.Release|Pocket PC 2003 (ARMV4).Deploy.0 = Release|Pocket PC 2003 (ARMV4)
		{FF1B596B-48FA-4D95-8DEE-AE2062419CE1}.Release|Smartphone 2003 (ARMV4).ActiveCfg = Release|Smartphone 2003 (ARMV4)
		{FF1B596B-48FA-4D95-8DEE-AE2062419CE1}.Release|Smartphone 2003 (ARMV4).Build.0 = Release|Smartphone 2003 (ARMV4)
		{FF1B596B-48FA-4D95-8DEE-AE2062419CE1}.Release|Smartphone 2003 (ARMV4).Deploy.0 = Release|Smartphone 2003 (ARMV4)
		{FF1B596B-48FA-4D95-8DEE-AE2062419CE1}.Release|Win32.ActiveCfg = Release|Win32
		{FF1B596B-48FA-4D95-8DEE-AE2062419CE1}.Release|Win32.Build.0 = Release|Win32
		{4F0741A6-D64D-4AB8-AF54-CDCAE24CF4CF}.Debug|PBTest (ARMV4I).ActiveCfg = Debug|PBTest (ARMV4I)
		{4F0741A6-D64D-4AB8-AF54-CDCAE24CF4CF}.Debug|PBTest (ARMV4I).Build.0 = Debug|PBTest (ARMV4I)
		{4F0741A6-D64D-4AB8-AF54-CDCAE24CF4CF}.Debug|PBTest (ARMV4I).Deploy.0 = Debug|PBTest (ARMV4I)
		{4F0741A6-D64D-4AB8-AF54-CDCAE24CF4CF}.Debug|Pocket PC 2003 (ARMV4).ActiveCfg = Debug|Pocket PC 2003 (ARMV4)
		{4F0741A6-D64D-4AB8-AF54-CDCAE24CF4CF}.Debug|Pocket PC 2003 (ARMV4).Build.0 = Debug|Pocket PC 2003 (ARMV4)
		{4F0741A6-D64D-4AB8-AF54-CDCAE24CF4CF}.Debug|Pocket PC 2003 (ARMV4).Deploy.0 = Debug|Pocket PC 2003 (ARMV4)
		{4F0741A6-D64D-4AB8-AF54-CDCAE24CF4CF}.Debug|Smartphone 2003 (ARMV4).ActiveCfg = Debug|Smartphone 2003 (ARMV4)
		{4F0741A6-D64D-4AB8-AF54-CDCAE24CF4CF}.Debug|Smartphone 2003 (ARMV4).Build.0 = Debug|Smartphone 2003 (ARMV4)
		{4F0741A6-D64D-4AB8-AF54-CDCAE24CF4CF}.Debug|Smartphone 2003 (ARMV4).Deploy.0 = Debug|Smartphone 2003 (ARMV4)
		{4F0741A6-D64D-4AB8-AF54-CDCAE24CF4CF}.Debug|Win32.ActiveCfg = Debug|Win32
		{4F0741A6-D64D-4AB8-AF54-CDCAE24CF4CF}.Debug|Win32.Build.0 = Debug|Win32
		{4F0741A6-D64D-4AB8-AF54-CDCAE24CF4CF}.Release|PBTest (ARMV4I).ActiveCfg = Release|PBTest (ARMV4I)
		{4F0741A6-D64D-4AB8-AF54-CDCAE24CF4CF}.Release|PBTest (ARMV4I).Build.0 = Release|PBTest (ARMV4I)
		{4F0741A6-D64D-4AB8-AF54-CDCAE24CF4CF}.Release|PBTest (ARMV4I).Deploy.0 = Release|PBTest (ARMV4I)
		{4F0741A6-D64D-4AB8-AF54-CDCAE24CF4CF}.Release|Pocket PC 2003 (ARMV4).ActiveCfg = Release|Pocket PC 2003 (ARMV4)
		{4F0741A6-D64D-4AB8-AF54-CDCAE24CF4CF}.Release|Pocket PC 2003 (ARMV4).Build.0 = Release|Pocket PC 2003 (ARMV4)
		{4F0741A6-D64D-4AB8-AF54-CDCAE24CF4CF}.Release|Pocket PC 2003 (ARMV4).Deploy.0 = Release|Pocket PC 2003 (ARMV4)
		{4F0741A6-D64D-4AB8-AF54-CDCAE24CF4CF}.Release|Smartphone 2003 (ARMV4).ActiveCfg = Release|Smartphone 2003 (ARMV4)
		{4F0741A6-D64D-4AB8-AF54-CDCAE24CF4CF}.Release|Smartphone 2003 (ARMV4).Build.0 = Release|Smartphone 2003 (ARMV4)
		{4F0741A6-D64D-4AB8-AF54-CDCAE24CF4CF}.Release|Smartphone 2003 (ARMV4).Deploy.0 = Release|Smartphone 2003 (ARMV4)
		{4F0741A6-D64D-4AB8-AF54-CDCAE24CF4CF}.Release|Win32.ActiveCfg = Release|Win32
		{4F0741A6-D64D-4AB8-AF54-CDCAE24CF4CF}.Release|Win32.Build.0 = Release|Win32
		{6EDEFE39-6454-48FC-B498-5442AE4F0496}.Debug|PBTest (ARMV4I).ActiveCfg = Debug|PBTest (ARMV4I)
		{6EDEFE39-6454-48FC-B498-5442AE4F0496}.Debug|PBTest (ARMV4I).Build.0 = Debug|PBTest (ARMV4I)
		{6EDEFE39-6454-48FC-B498-5442AE4F0496}.Debug|PBTest (ARMV4I).Deploy.0 = Debug|PBTest (ARMV4I)
		{6EDEFE39-6454-48FC-B498-5442AE4F0496}.Debug|Pocket PC 2003 (ARMV4).ActiveCfg = Debug|Pocket PC 2003 (ARMV4)
		{6EDEFE39-6454-48FC-B498-5442AE4F0496}.Debug|Pocket PC 2003 (ARMV4).Build.0 = Debug|Pocket PC 2003 (ARMV4)
		{6EDEFE39-6454-48FC-B498-5442AE4F0496}.Debug|Pocket PC 2003 (ARMV4).Deploy.0 = Debug|Pocket PC 2003 (ARMV4)
		{6EDEFE39-6454-48FC-B498-5442AE4F0496}.Debug|Smartphone 2003 (ARMV4).ActiveCfg = Debug|Smartphone 2003 (ARMV4)
		{6EDEFE39-6454-48FC-B498-5442AE4F0496}.Debug|Smartphone 2003 (ARMV4).Build.0 = Debug|Smartphone 2003 (ARMV4)
		{6EDEFE39-6454-48FC-B498-5442AE4F0496}.Debug|Smartphone 2003 (ARMV4).Deploy.0 = Debug|Smartphone 2003 (ARMV4)
		{6EDEFE39-6454-48FC-B498-5442AE4F0496}.Debug|Win32.ActiveCfg = Debug|Win32
		{6EDEFE39-6454-48FC-B498-5442AE4F0496}.Debug|Win32.Build.0 = Debug|Win32
		{6EDEFE39-6454-48FC-B498-5442AE4F0496}.Release|PBTest (ARMV4I).ActiveCfg = Release|PBTest (ARMV4I)
		{6EDEFE39-6454-48FC-B498-5442AE4F0496}.Release|PBTest (ARMV4I).Build.0 = Release|PBTest (ARMV4I)
		{6EDEFE39-6454-48FC-B498-5442AE4F0496}.Release|PBTest (ARMV4I).Deploy.0 = Release|PBTest (ARMV4I)
		{6EDEFE39-6454-48FC-B498-5442AE4F0496}.Release|Pocket PC 2003 (ARMV4).ActiveCfg = Release|Pocket PC 2003 (ARMV4)
		{6EDEFE39-6454-48FC-B498-5442AE4F0496}.Release|Pocket PC 2003 (ARMV4).Build.0 = Release|Pocket PC 2003 (ARMV4)
		{6EDEFE39-6454-48FC-B498-5442AE4F0496}.Release|Pocket PC 2003 (ARMV4).Deploy.0 = Release|Pocket PC 2003 (ARMV4)
		{6EDEFE39-6454-48FC-B498-5442AE4F0496}.Release|Smartphone 2003 (ARMV4).ActiveCfg = Release|Smartphone 2003 (ARMV4)
		{6EDEFE39-6454-48FC-B498-5442AE4F0496}.Release|Smartphone 2003 (ARMV4).Build.0 = Release|Smartphone 2003 (ARMV4)
		{6EDEFE39-6454-48FC-B498-5442AE4F0496}.Release|Smartphone 2003 (ARMV4).Deploy.0 = Release|Smartphone 2003 (ARMV4)
		{6EDEFE39-6454-48FC-B498-5442AE4F0496}.Release|Win32.ActiveCfg = Release|Win32
		{6EDEFE39-6454-48FC-B498-5442AE4F0496}.Release|Win32.Build.0 = Release|Win32
		{23CD7FDA-A23A-4D49-87B8-BE059EF45048}.Debug|PBTest (ARMV4I).ActiveCfg = Debug|PBTest (ARMV4I)
		{23CD7FDA-A23A-4D49-87B8-BE059EF45048}.Debug|PBTest (ARMV4I).Build.0 = Debug|PBTest (ARMV4I)
		{23CD7FDA-A23A-4D49-87B8-BE059EF45048}.Debug|PBTest (ARMV4I).Deploy.0 = Debug|PBTest (ARMV4I)
		{23CD7FDA-A23A-4D49-87B8-BE059EF45048}.Debug|Pocket PC 2003 (ARMV4).ActiveCfg = Debug|Pocket PC 2003 (ARMV4)
		{23CD7FDA-A23A-4D49-87B8-BE059EF45048}.Debug|Pocket PC 2003 (ARMV4).Build.0 = Debug|Pocket PC 2003 (ARMV4)
		{23CD7FDA-A23A-4D49-87B8-BE059EF45048}.Debug|Pocket PC 2003 (ARMV4).Deploy.0 = Debug|Pocket PC 2003 (ARMV4)
		{23CD7FDA-A23A-4D49-87B8-BE059EF45048}.Debug|Smartphone 2003 (ARMV4).ActiveCfg = Debug|Smartphone 2003 (ARMV4)
		{23CD7FDA-A23A-4D49-87B8-BE059EF45048}.Debug|Smartphone 2003 (ARMV4).Build.0 = Debug|Smartphone 2003 (ARMV4)
		{23CD7FDA-A23A-4D49-87B8-BE059EF45048}.Debug|Smartphone 2003 (ARMV4).Deploy.0 = Debug|Smartphone 2003 (ARMV4)
		{23CD7FDA-A23A-4D49-87B8-BE059EF45048}.Debug|Win32.ActiveCfg = Debug|Win32
		{23CD7FDA-A23A-4D49-87B8-BE059EF45048}.Debug|Win32.Build.0 = Debug|Win32
		{23CD7FDA-A23A-4D49-87B8-BE059EF45048}.Release|PBTest (ARMV4I).ActiveCfg = Release|PBTest (ARMV4I)
		{23CD7FDA-A23A-4D49-87B8-BE059EF45048}.Release|PBTest (ARMV4I).Build.0 = Release|PBTest (ARMV4I)
		{23CD7FDA-A23A-4D49-87B8-BE059EF45048}.Release|PBTest (ARMV4I).Deploy.0 = Release|PBTest (ARMV4I)
		{23CD7FDA-A23A-4D49-87B8-BE059EF45048}.Release|Pocket PC 2003 (ARMV4).ActiveCfg = Release|Pocket PC 2003 (ARMV4)
		{23CD7FDA-A23A-4D49-87B8-BE059EF45048}.Release|Pocket PC 2003 (ARMV4).Build.0 = Release|Pocket PC 2003 (ARMV4)
		{23CD7FDA-A23A-4D49-87B8-BE059EF45048}.Release|Pocket PC 2003 (ARMV4).Deploy.0 = Release|Pocket PC 2003 (ARMV4)
		{23CD7FDA-A23A-4D49-87B8-BE059EF45048}.Release|Smartphone 2003 (ARMV4).ActiveCfg = Release|Smartphone 2003 (ARMV4)
		{23CD7FDA-A23A-4D49-87B8-BE059EF45048}.Release|Smartphone 2003 (ARMV4).Build.0 = Release|Smartphone 2003 (ARMV4)
		{23CD7FDA-A23A-4D49-87B8-BE059EF45048}.Release|Smartphone 2003 (ARMV4).Deploy.0 = Release|Smartphone 2003 (ARMV4)
		{23CD7FDA-A23A-4D49-87B8-BE059EF45048}.Release|Win32.ActiveCfg = Release|Win32
		{23CD7FDA-A23A-4D49-87B8-BE059EF45048}.Release|Win32.Build.0 = Release|Win32
	EndGlobalSection
	GlobalSection(SolutionProperties) = preSolution
		HideSolutionNode = FALSE
	EndGlobalSection
EndGlobal
